
Microsoft Visual Studio Solution File, Format Version 12.00
# Visual Studio 14
VisualStudioVersion = 14.0.24720.0
MinimumVisualStudioVersion = 10.0.40219.1
Project("{FAE04EC0-301F-11D3-BF4B-00C04F79EFBC}") = "Umbraco.Site", "Umbraco.Site\Umbraco.Site.csproj", "{CDC6D1E7-3387-4F93-A7D2-B666ED655CDE}"
EndProject
Project("{FAE04EC0-301F-11D3-BF4B-00C04F79EFBC}") = "Jumoo.uSync.BackOffice", "Jumoo.uSync.BackOffice\Jumoo.uSync.BackOffice.csproj", "{D6314004-6249-4535-A305-B65946205418}"
EndProject
Project("{FAE04EC0-301F-11D3-BF4B-00C04F79EFBC}") = "Jumoo.uSync.Core", "Jumoo.uSync.Core\Jumoo.uSync.Core.csproj", "{B356FE24-54B5-462F-B6FE-EE99A38695D7}"
EndProject
Project("{FAE04EC0-301F-11D3-BF4B-00C04F79EFBC}") = "Jumoo.uSync.BackOffice.UI", "Jumoo.uSync.BackOffice.UI\Jumoo.uSync.BackOffice.UI.csproj", "{C82576AE-A650-42E9-976E-60CF0B8FBD40}"
EndProject
Project("{FAE04EC0-301F-11D3-BF4B-00C04F79EFBC}") = "Jumoo.uSync.Migrations", "Jumoo.uSync.Migrations\Jumoo.uSync.Migrations.csproj", "{BB5C1973-378A-4E73-9DB1-140BC05789A3}"
EndProject
Project("{FAE04EC0-301F-11D3-BF4B-00C04F79EFBC}") = "Jumoo.uSync.Content", "Jumoo.uSync.Content\Jumoo.uSync.Content.csproj", "{A07D22E1-8E57-4D1E-9CA5-EFF4087E7A52}"
EndProject
Project("{FAE04EC0-301F-11D3-BF4B-00C04F79EFBC}") = "Jumoo.uSync.Migrations.Chauffeur", "Jumoo.uSync.Migrations.Chauffeur\Jumoo.uSync.Migrations.Chauffeur.csproj", "{D8D04AEA-B0AE-4BAD-93E8-B5E14AB36EB1}"
EndProject
Project("{FAE04EC0-301F-11D3-BF4B-00C04F79EFBC}") = "Jumoo.uSync.Archetype", "Jumoo.uSync.Archetype\Jumoo.uSync.Archetype.csproj", "{DB2DDA62-9CFC-4052-8C06-70AC63F4C431}"
EndProject
Project("{FAE04EC0-301F-11D3-BF4B-00C04F79EFBC}") = "Jumoo.uSync.Snapshots", "Jumoo.uSync.Snapshots\Jumoo.uSync.Snapshots.csproj", "{5119547A-36B5-4D44-A1A7-1C01BC37CA33}"
EndProject
Global
	GlobalSection(SolutionConfigurationPlatforms) = preSolution
		Debug|Any CPU = Debug|Any CPU
		Release|Any CPU = Release|Any CPU
	EndGlobalSection
	GlobalSection(ProjectConfigurationPlatforms) = postSolution
		{CDC6D1E7-3387-4F93-A7D2-B666ED655CDE}.Debug|Any CPU.ActiveCfg = Debug|Any CPU
		{CDC6D1E7-3387-4F93-A7D2-B666ED655CDE}.Debug|Any CPU.Build.0 = Debug|Any CPU
		{CDC6D1E7-3387-4F93-A7D2-B666ED655CDE}.Release|Any CPU.ActiveCfg = Release|Any CPU
		{CDC6D1E7-3387-4F93-A7D2-B666ED655CDE}.Release|Any CPU.Build.0 = Release|Any CPU
		{D6314004-6249-4535-A305-B65946205418}.Debug|Any CPU.ActiveCfg = Debug|Any CPU
		{D6314004-6249-4535-A305-B65946205418}.Debug|Any CPU.Build.0 = Debug|Any CPU
		{D6314004-6249-4535-A305-B65946205418}.Release|Any CPU.ActiveCfg = Release|Any CPU
		{D6314004-6249-4535-A305-B65946205418}.Release|Any CPU.Build.0 = Release|Any CPU
		{B356FE24-54B5-462F-B6FE-EE99A38695D7}.Debug|Any CPU.ActiveCfg = Debug|Any CPU
		{B356FE24-54B5-462F-B6FE-EE99A38695D7}.Debug|Any CPU.Build.0 = Debug|Any CPU
		{B356FE24-54B5-462F-B6FE-EE99A38695D7}.Release|Any CPU.ActiveCfg = Release|Any CPU
		{B356FE24-54B5-462F-B6FE-EE99A38695D7}.Release|Any CPU.Build.0 = Release|Any CPU
		{C82576AE-A650-42E9-976E-60CF0B8FBD40}.Debug|Any CPU.ActiveCfg = Debug|Any CPU
		{C82576AE-A650-42E9-976E-60CF0B8FBD40}.Debug|Any CPU.Build.0 = Debug|Any CPU
		{C82576AE-A650-42E9-976E-60CF0B8FBD40}.Release|Any CPU.ActiveCfg = Release|Any CPU
		{C82576AE-A650-42E9-976E-60CF0B8FBD40}.Release|Any CPU.Build.0 = Release|Any CPU
		{BB5C1973-378A-4E73-9DB1-140BC05789A3}.Debug|Any CPU.ActiveCfg = Debug|Any CPU
		{BB5C1973-378A-4E73-9DB1-140BC05789A3}.Debug|Any CPU.Build.0 = Debug|Any CPU
		{BB5C1973-378A-4E73-9DB1-140BC05789A3}.Release|Any CPU.ActiveCfg = Release|Any CPU
		{BB5C1973-378A-4E73-9DB1-140BC05789A3}.Release|Any CPU.Build.0 = Release|Any CPU
		{A07D22E1-8E57-4D1E-9CA5-EFF4087E7A52}.Debug|Any CPU.ActiveCfg = Debug|Any CPU
		{A07D22E1-8E57-4D1E-9CA5-EFF4087E7A52}.Debug|Any CPU.Build.0 = Debug|Any CPU
		{A07D22E1-8E57-4D1E-9CA5-EFF4087E7A52}.Release|Any CPU.ActiveCfg = Release|Any CPU
		{A07D22E1-8E57-4D1E-9CA5-EFF4087E7A52}.Release|Any CPU.Build.0 = Release|Any CPU
		{D8D04AEA-B0AE-4BAD-93E8-B5E14AB36EB1}.Debug|Any CPU.ActiveCfg = Debug|Any CPU
		{D8D04AEA-B0AE-4BAD-93E8-B5E14AB36EB1}.Debug|Any CPU.Build.0 = Debug|Any CPU
		{D8D04AEA-B0AE-4BAD-93E8-B5E14AB36EB1}.Release|Any CPU.ActiveCfg = Release|Any CPU
		{D8D04AEA-B0AE-4BAD-93E8-B5E14AB36EB1}.Release|Any CPU.Build.0 = Release|Any CPU
		{DB2DDA62-9CFC-4052-8C06-70AC63F4C431}.Debug|Any CPU.ActiveCfg = Debug|Any CPU
		{DB2DDA62-9CFC-4052-8C06-70AC63F4C431}.Debug|Any CPU.Build.0 = Debug|Any CPU
		{DB2DDA62-9CFC-4052-8C06-70AC63F4C431}.Release|Any CPU.ActiveCfg = Release|Any CPU
		{DB2DDA62-9CFC-4052-8C06-70AC63F4C431}.Release|Any CPU.Build.0 = Release|Any CPU
		{5119547A-36B5-4D44-A1A7-1C01BC37CA33}.Debug|Any CPU.ActiveCfg = Debug|Any CPU
		{5119547A-36B5-4D44-A1A7-1C01BC37CA33}.Debug|Any CPU.Build.0 = Debug|Any CPU
		{5119547A-36B5-4D44-A1A7-1C01BC37CA33}.Release|Any CPU.ActiveCfg = Release|Any CPU
		{5119547A-36B5-4D44-A1A7-1C01BC37CA33}.Release|Any CPU.Build.0 = Release|Any CPU
	EndGlobalSection
	GlobalSection(SolutionProperties) = preSolution
		HideSolutionNode = FALSE
	EndGlobalSection
EndGlobal
