
Microsoft Visual Studio Solution File, Format Version 12.00
# Visual Studio 14
VisualStudioVersion = 14.0.25420.1
MinimumVisualStudioVersion = 10.0.40219.1
Project("{FAE04EC0-301F-11D3-BF4B-00C04F79EFBC}") = "Jumoo.uSync.BackOffice", "Jumoo.uSync.BackOffice\Jumoo.uSync.BackOffice.csproj", "{D6314004-6249-4535-A305-B65946205418}"
EndProject
Project("{FAE04EC0-301F-11D3-BF4B-00C04F79EFBC}") = "Jumoo.uSync.Core", "Jumoo.uSync.Core\Jumoo.uSync.Core.csproj", "{B356FE24-54B5-462F-B6FE-EE99A38695D7}"
EndProject
Project("{FAE04EC0-301F-11D3-BF4B-00C04F79EFBC}") = "Jumoo.uSync.Content", "Jumoo.uSync.Content\Jumoo.uSync.Content.csproj", "{A07D22E1-8E57-4D1E-9CA5-EFF4087E7A52}"
EndProject
Project("{FAE04EC0-301F-11D3-BF4B-00C04F79EFBC}") = "Jumoo.uSync.Snapshots", "Jumoo.uSync.Snapshots\Jumoo.uSync.Snapshots.csproj", "{5119547A-36B5-4D44-A1A7-1C01BC37CA33}"
EndProject
Project("{FAE04EC0-301F-11D3-BF4B-00C04F79EFBC}") = "Jumoo.uSync.ContentMappers", "Jumoo.uSync.ContentMappers\Jumoo.uSync.ContentMappers.csproj", "{8F96B572-835D-4C55-BFE9-F2AE4FC40247}"
EndProject
Project("{FAE04EC0-301F-11D3-BF4B-00C04F79EFBC}") = "Jumoo.uSync.HealthChecker", "Jumoo.uSync.HealthChecker\Jumoo.uSync.HealthChecker.csproj", "{551DD278-64C1-498D-AA7A-0A6F8DC461D1}"
EndProject
Project("{2150E333-8FDC-42A3-9474-1A3956D46DE8}") = "BuildPackage", "BuildPackage", "{2908711F-BB6B-4A41-A36B-2A71B3F65479}"
	ProjectSection(SolutionItems) = preProject
		BuildPackage\Full.Package.build.xml = BuildPackage\Full.Package.build.xml
		BuildPackage\uSync.Package.build.xml = BuildPackage\uSync.Package.build.xml
		BuildPackage\uSync.package.nuspec = BuildPackage\uSync.package.nuspec
		BuildPackage\uSync.Package.xml = BuildPackage\uSync.Package.xml
	EndProjectSection
EndProject
Project("{2150E333-8FDC-42A3-9474-1A3956D46DE8}") = "Jumoo.uSync.Core", "Jumoo.uSync.Core", "{01CD3FD6-BD7E-4200-BE8B-5FE2F12DA199}"
	ProjectSection(SolutionItems) = preProject
		BuildPackage\Jumoo.uSync.Core\Core.Package.build.xml = BuildPackage\Jumoo.uSync.Core\Core.Package.build.xml
		BuildPackage\Jumoo.uSync.Core\package.nuspec = BuildPackage\Jumoo.uSync.Core\package.nuspec
		BuildPackage\Jumoo.uSync.Core\package.xml = BuildPackage\Jumoo.uSync.Core\package.xml
	EndProjectSection
EndProject
Project("{2150E333-8FDC-42A3-9474-1A3956D46DE8}") = "Jumoo.uSync.BackOffice", "Jumoo.uSync.BackOffice", "{E10E12B7-850F-4D86-9DD6-62E16B521C94}"
	ProjectSection(SolutionItems) = preProject
		BuildPackage\Jumoo.uSync.BackOffice\BackOffice.Package.build.xml = BuildPackage\Jumoo.uSync.BackOffice\BackOffice.Package.build.xml
		BuildPackage\Jumoo.uSync.BackOffice\package.nuspec = BuildPackage\Jumoo.uSync.BackOffice\package.nuspec
		BuildPackage\Jumoo.uSync.BackOffice\Package.xml = BuildPackage\Jumoo.uSync.BackOffice\Package.xml
		BuildPackage\Jumoo.uSync.BackOffice\readme.txt = BuildPackage\Jumoo.uSync.BackOffice\readme.txt
	EndProjectSection
EndProject
Project("{2150E333-8FDC-42A3-9474-1A3956D46DE8}") = "Jumoo.uSync.Content", "Jumoo.uSync.Content", "{C4570818-CC2D-4BEF-A012-AF42C0F7D6A2}"
	ProjectSection(SolutionItems) = preProject
		BuildPackage\Jumoo.uSync.Content\Content.Package.build.xml = BuildPackage\Jumoo.uSync.Content\Content.Package.build.xml
		BuildPackage\Jumoo.uSync.Content\package.nuspec = BuildPackage\Jumoo.uSync.Content\package.nuspec
		BuildPackage\Jumoo.uSync.Content\package.xml = BuildPackage\Jumoo.uSync.Content\package.xml
	EndProjectSection
EndProject
Project("{2150E333-8FDC-42A3-9474-1A3956D46DE8}") = "Jumoo.uSync.ContentMappers", "Jumoo.uSync.ContentMappers", "{F1BEDD23-0A8C-43CF-9A3F-0D24E0F1CFC6}"
	ProjectSection(SolutionItems) = preProject
		BuildPackage\Jumoo.uSync.ContentMappers\ContentMappers.Package.build.xml = BuildPackage\Jumoo.uSync.ContentMappers\ContentMappers.Package.build.xml
		BuildPackage\Jumoo.uSync.ContentMappers\package.nuspec = BuildPackage\Jumoo.uSync.ContentMappers\package.nuspec
	EndProjectSection
EndProject
Project("{2150E333-8FDC-42A3-9474-1A3956D46DE8}") = "Jumoo.uSync.Snapshots", "Jumoo.uSync.Snapshots", "{61244C4A-BC11-44D7-B959-3FF138A5B006}"
	ProjectSection(SolutionItems) = preProject
		BuildPackage\Jumoo.uSync.Snapshots\package.nuspec = BuildPackage\Jumoo.uSync.Snapshots\package.nuspec
		BuildPackage\Jumoo.uSync.Snapshots\package.xml = BuildPackage\Jumoo.uSync.Snapshots\package.xml
		BuildPackage\Jumoo.uSync.Snapshots\Snapshots.Package.build.xml = BuildPackage\Jumoo.uSync.Snapshots\Snapshots.Package.build.xml
	EndProjectSection
EndProject
Project("{2150E333-8FDC-42A3-9474-1A3956D46DE8}") = "Build", "Build", "{BB4EE3FD-B8AF-4AF1-A3B1-7CAAD9F6CA84}"
	ProjectSection(SolutionItems) = preProject
		BuildPackage\Jumoo.uSync.BackOffice\Build\uSync.props = BuildPackage\Jumoo.uSync.BackOffice\Build\uSync.props
		BuildPackage\Jumoo.uSync.BackOffice\Build\uSync.targets = BuildPackage\Jumoo.uSync.BackOffice\Build\uSync.targets
	EndProjectSection
EndProject
Project("{FAE04EC0-301F-11D3-BF4B-00C04F79EFBC}") = "Jumoo.uSync.Chauffeur", "Jumoo.uSync.Chauffeur\Jumoo.uSync.Chauffeur.csproj", "{0B9F93D4-CA64-44EF-BC4D-F6756CA8C0DA}"
EndProject
Project("{FAE04EC0-301F-11D3-BF4B-00C04F79EFBC}") = "Jumoo.uSync.ExplicitSync", "Jumoo.uSync.ExplicitSync\Jumoo.uSync.ExplicitSync.csproj", "{FB6E7522-58AF-4275-A27D-51D3F384A773}"
EndProject
Global
	GlobalSection(SolutionConfigurationPlatforms) = preSolution
		Debug|Any CPU = Debug|Any CPU
		Release|Any CPU = Release|Any CPU
	EndGlobalSection
	GlobalSection(ProjectConfigurationPlatforms) = postSolution
		{D6314004-6249-4535-A305-B65946205418}.Debug|Any CPU.ActiveCfg = Debug|Any CPU
		{D6314004-6249-4535-A305-B65946205418}.Debug|Any CPU.Build.0 = Debug|Any CPU
		{D6314004-6249-4535-A305-B65946205418}.Release|Any CPU.ActiveCfg = Release|Any CPU
		{D6314004-6249-4535-A305-B65946205418}.Release|Any CPU.Build.0 = Release|Any CPU
		{B356FE24-54B5-462F-B6FE-EE99A38695D7}.Debug|Any CPU.ActiveCfg = Debug|Any CPU
		{B356FE24-54B5-462F-B6FE-EE99A38695D7}.Debug|Any CPU.Build.0 = Debug|Any CPU
		{B356FE24-54B5-462F-B6FE-EE99A38695D7}.Release|Any CPU.ActiveCfg = Release|Any CPU
		{B356FE24-54B5-462F-B6FE-EE99A38695D7}.Release|Any CPU.Build.0 = Release|Any CPU
		{A07D22E1-8E57-4D1E-9CA5-EFF4087E7A52}.Debug|Any CPU.ActiveCfg = Debug|Any CPU
		{A07D22E1-8E57-4D1E-9CA5-EFF4087E7A52}.Debug|Any CPU.Build.0 = Debug|Any CPU
		{A07D22E1-8E57-4D1E-9CA5-EFF4087E7A52}.Release|Any CPU.ActiveCfg = Release|Any CPU
		{A07D22E1-8E57-4D1E-9CA5-EFF4087E7A52}.Release|Any CPU.Build.0 = Release|Any CPU
		{5119547A-36B5-4D44-A1A7-1C01BC37CA33}.Debug|Any CPU.ActiveCfg = Debug|Any CPU
		{5119547A-36B5-4D44-A1A7-1C01BC37CA33}.Debug|Any CPU.Build.0 = Debug|Any CPU
		{5119547A-36B5-4D44-A1A7-1C01BC37CA33}.Release|Any CPU.ActiveCfg = Release|Any CPU
		{5119547A-36B5-4D44-A1A7-1C01BC37CA33}.Release|Any CPU.Build.0 = Release|Any CPU
		{8F96B572-835D-4C55-BFE9-F2AE4FC40247}.Debug|Any CPU.ActiveCfg = Debug|Any CPU
		{8F96B572-835D-4C55-BFE9-F2AE4FC40247}.Debug|Any CPU.Build.0 = Debug|Any CPU
		{8F96B572-835D-4C55-BFE9-F2AE4FC40247}.Release|Any CPU.ActiveCfg = Release|Any CPU
		{8F96B572-835D-4C55-BFE9-F2AE4FC40247}.Release|Any CPU.Build.0 = Release|Any CPU
		{551DD278-64C1-498D-AA7A-0A6F8DC461D1}.Debug|Any CPU.ActiveCfg = Debug|Any CPU
		{551DD278-64C1-498D-AA7A-0A6F8DC461D1}.Debug|Any CPU.Build.0 = Debug|Any CPU
		{551DD278-64C1-498D-AA7A-0A6F8DC461D1}.Release|Any CPU.ActiveCfg = Release|Any CPU
		{551DD278-64C1-498D-AA7A-0A6F8DC461D1}.Release|Any CPU.Build.0 = Release|Any CPU
		{0B9F93D4-CA64-44EF-BC4D-F6756CA8C0DA}.Debug|Any CPU.ActiveCfg = Debug|Any CPU
		{0B9F93D4-CA64-44EF-BC4D-F6756CA8C0DA}.Debug|Any CPU.Build.0 = Debug|Any CPU
		{0B9F93D4-CA64-44EF-BC4D-F6756CA8C0DA}.Release|Any CPU.ActiveCfg = Release|Any CPU
		{0B9F93D4-CA64-44EF-BC4D-F6756CA8C0DA}.Release|Any CPU.Build.0 = Release|Any CPU
		{FB6E7522-58AF-4275-A27D-51D3F384A773}.Debug|Any CPU.ActiveCfg = Debug|Any CPU
		{FB6E7522-58AF-4275-A27D-51D3F384A773}.Debug|Any CPU.Build.0 = Debug|Any CPU
		{FB6E7522-58AF-4275-A27D-51D3F384A773}.Release|Any CPU.ActiveCfg = Release|Any CPU
		{FB6E7522-58AF-4275-A27D-51D3F384A773}.Release|Any CPU.Build.0 = Release|Any CPU
	EndGlobalSection
	GlobalSection(SolutionProperties) = preSolution
		HideSolutionNode = FALSE
	EndGlobalSection
	GlobalSection(NestedProjects) = preSolution
		{01CD3FD6-BD7E-4200-BE8B-5FE2F12DA199} = {2908711F-BB6B-4A41-A36B-2A71B3F65479}
		{E10E12B7-850F-4D86-9DD6-62E16B521C94} = {2908711F-BB6B-4A41-A36B-2A71B3F65479}
		{C4570818-CC2D-4BEF-A012-AF42C0F7D6A2} = {2908711F-BB6B-4A41-A36B-2A71B3F65479}
		{F1BEDD23-0A8C-43CF-9A3F-0D24E0F1CFC6} = {2908711F-BB6B-4A41-A36B-2A71B3F65479}
		{61244C4A-BC11-44D7-B959-3FF138A5B006} = {2908711F-BB6B-4A41-A36B-2A71B3F65479}
		{BB4EE3FD-B8AF-4AF1-A3B1-7CAAD9F6CA84} = {E10E12B7-850F-4D86-9DD6-62E16B521C94}
	EndGlobalSection
EndGlobal
